{
  "version": 1,
  "dependencies": {
    ".NETnanoFramework,Version=v1.0": {
      "nanoFramework.CoreLibrary": {
        "type": "Direct",
        "requested": "[2.0.0-preview.18, 2.0.0-preview.18]",
        "resolved": "2.0.0-preview.18",
        "contentHash": "zFZ4hHxd8ljFSaG3aVVqMESStR61COYnfzXBYMkmcyfcSJKpMfDG8is5/qBY5PV4XmJ+3A3kJYWbfMNg6n0DCA=="
      },
      "Nerdbank.GitVersioning": {
        "type": "Direct",
        "requested": "[3.8.118, 3.8.118]",
        "resolved": "3.8.118",
        "contentHash": "cRaG+ICcECG+CzbtQyUV2WftH7yl2B02AjYGGNScXx8TwYavZYwhCewBTiC0qTcsac7m6AzBUYna5xzBWmTGYw=="
      }
    }
  }
}