{
  "version": 1,
  "dependencies": {
    ".NETnanoFramework,Version=v1.0": {
      "nanoFramework.CoreLibrary": {
        "type": "Direct",
        "requested": "[2.0.0-preview.4, 2.0.0-preview.4]",
        "resolved": "2.0.0-preview.4",
        "contentHash": "am0Js4dpK0eVS609QW/6OQsmk96x7xVXUAk1Ca8vKpHx69fLCI523TuyKIWxnTp5U82FL+SQmRIdquSPDxXgHw=="
      },
      "Nerdbank.GitVersioning": {
        "type": "Direct",
        "requested": "[3.7.115, 3.7.115]",
        "resolved": "3.7.115",
        "contentHash": "EpXamaAdRfG/BMxGgvZlTM0npRnkmXUjAj8OdNKd17t4oN+2nvjdv/KnFmzOOMDqvlwB49UCwtOHJrAQTfUBtQ=="
      }
    }
  }
}