
Microsoft Visual Studio Solution File, Format Version 12.00
# Visual Studio 15
VisualStudioVersion = 15.0.27130.2010
MinimumVisualStudioVersion = 10.0.40219.1
Project("{FF286327-C783-4F7A-AB73-9BCBAD0D4460}") = "Nuget.nanoFramework.Runtime.Native", "Nuget.nanoFramework.Runtime.Native\Nuget.nanoFramework.Runtime.Native.nuproj", "{C72CBABD-265A-4B4F-8029-F53B11F009E5}"
EndProject
Project("{FF286327-C783-4F7A-AB73-9BCBAD0D4460}") = "Nuget.nanoFramework.Runtime.Native.DELIVERABLES", "Nuget.nanoFramework.Runtime.Native.DELIVERABLES\Nuget.nanoFramework.Runtime.Native.DELIVERABLES.nuproj", "{46762344-3188-4861-9F37-3B15EDDD8A82}"
EndProject
Global
	GlobalSection(SolutionConfigurationPlatforms) = preSolution
		Debug|Any CPU = Debug|Any CPU
		Release|Any CPU = Release|Any CPU
	EndGlobalSection
	GlobalSection(ProjectConfigurationPlatforms) = postSolution
		{C72CBABD-265A-4B4F-8029-F53B11F009E5}.Debug|Any CPU.ActiveCfg = Debug|Any CPU
		{C72CBABD-265A-4B4F-8029-F53B11F009E5}.Debug|Any CPU.Build.0 = Debug|Any CPU
		{C72CBABD-265A-4B4F-8029-F53B11F009E5}.Release|Any CPU.ActiveCfg = Release|Any CPU
		{C72CBABD-265A-4B4F-8029-F53B11F009E5}.Release|Any CPU.Build.0 = Release|Any CPU
		{46762344-3188-4861-9F37-3B15EDDD8A82}.Debug|Any CPU.ActiveCfg = Debug|Any CPU
		{46762344-3188-4861-9F37-3B15EDDD8A82}.Debug|Any CPU.Build.0 = Debug|Any CPU
		{46762344-3188-4861-9F37-3B15EDDD8A82}.Release|Any CPU.ActiveCfg = Release|Any CPU
		{46762344-3188-4861-9F37-3B15EDDD8A82}.Release|Any CPU.Build.0 = Release|Any CPU
	EndGlobalSection
	GlobalSection(SolutionProperties) = preSolution
		HideSolutionNode = FALSE
	EndGlobalSection
	GlobalSection(ExtensibilityGlobals) = postSolution
		SolutionGuid = {C54BBD1E-7542-4320-84AF-5BE55D862606}
	EndGlobalSection
EndGlobal
